Microsoft Visual Studio Solution File, Format Version 11.00
# Visual Studio 2008

Project("{E23C6CC9-A674-4AA0-C171-19DE8D2D286A}") = "BaZiYo", "Assembly-CSharp.csproj", "{360931F4-857C-32B1-5F0E-B914B183E71E}"
EndProject
Global
	GlobalSection(SolutionConfigurationPlatforms) = preSolution
		Debug|Any CPU = Debug|Any CPU
		Release|Any CPU = Release|Any CPU
	EndGlobalSection
	GlobalSection(ProjectConfigurationPlatforms) = postSolution
		{360931F4-857C-32B1-5F0E-B914B183E71E}.Debug|Any CPU.ActiveCfg = Debug|Any CPU
		{360931F4-857C-32B1-5F0E-B914B183E71E}.Debug|Any CPU.Build.0 = Debug|Any CPU
		{360931F4-857C-32B1-5F0E-B914B183E71E}.Release|Any CPU.ActiveCfg = Release|Any CPU
		{360931F4-857C-32B1-5F0E-B914B183E71E}.Release|Any CPU.Build.0 = Release|Any CPU
	EndGlobalSection
	GlobalSection(SolutionProperties) = preSolution
		HideSolutionNode = FALSE
	EndGlobalSection
	GlobalSection(MonoDevelopProperties) = preSolution
		StartupItem = Assembly-CSharp.csproj
	EndGlobalSection
EndGlobal
